
Microsoft Visual Studio Solution File, Format Version 12.00
# Visual Studio Version 17
VisualStudioVersion = 17.7.34009.444
MinimumVisualStudioVersion = 10.0.40219.1
Project("{FAE04EC0-301F-11D3-BF4B-00C04F79EFBC}") = "Validator", "Validator.csproj", "{EEEA5234-C7F7-456C-B2C9-046876300064}"
EndProject
Global
	GlobalSection(SolutionConfigurationPlatforms) = preSolution
		Debug|Any CPU = Debug|Any CPU
		Release|Any CPU = Release|Any CPU
	EndGlobalSection
	GlobalSection(ProjectConfigurationPlatforms) = postSolution
		{EEEA5234-C7F7-456C-B2C9-046876300064}.Debug|Any CPU.ActiveCfg = Debug|Any CPU
		{EEEA5234-C7F7-456C-B2C9-046876300064}.Debug|Any CPU.Build.0 = Debug|Any CPU
		{EEEA5234-C7F7-456C-B2C9-046876300064}.Release|Any CPU.ActiveCfg = Release|Any CPU
		{EEEA5234-C7F7-456C-B2C9-046876300064}.Release|Any CPU.Build.0 = Release|Any CPU
	EndGlobalSection
	GlobalSection(SolutionProperties) = preSolution
		HideSolutionNode = FALSE
	EndGlobalSection
	GlobalSection(ExtensibilityGlobals) = postSolution
		SolutionGuid = {028D7062-29F3-453E-8DD8-F515E7EC9B51}
	EndGlobalSection
EndGlobal
